// !$*UTF8*$!
{
	archiveVersion = 1;
	classes = {
	};
	objectVersion = 46;
	objects = {

/* Begin PBXBuildFile section */
		03031AEC1C7CA7F4005F449E /* main.m in Sources */ = {isa = PBXBuildFile; fileRef = 03031AEB1C7CA7F4005F449E /* main.m */; };
		03031AEF1C7CA7F4005F449E /* AppDelegate.m in Sources */ = {isa = PBXBuildFile; fileRef = 03031AEE1C7CA7F4005F449E /* AppDelegate.m */; };
		03031AF21C7CA7F4005F449E /* ViewController.m in Sources */ = {isa = PBXBuildFile; fileRef = 03031AF11C7CA7F4005F449E /* ViewController.m */; };
		03031AF51C7CA7F4005F449E /* Main.storyboard in Resources */ = {isa = PBXBuildFile; fileRef = 03031AF31C7CA7F4005F449E /* Main.storyboard */; };
		03031AF71C7CA7F4005F449E /* Assets.xcassets in Resources */ = {isa = PBXBuildFile; fileRef = 03031AF61C7CA7F4005F449E /* Assets.xcassets */; };
		03031AFA1C7CA7F4005F449E /* LaunchScreen.storyboard in Resources */ = {isa = PBXBuildFile; fileRef = 03031AF81C7CA7F4005F449E /* LaunchScreen.storyboard */; };
		03ADABB21C7CAD2E00752F20 /* GMSServices+Setup.m in Sources */ = {isa = PBXBuildFile; fileRef = 03ADABB11C7CAD2E00752F20 /* GMSServices+Setup.m */; };
		D27AC0C0A2AE54D7B895B752 /* libPods-GoogleMapsBugDemo.a in Frameworks */ = {isa = PBXBuildFile; fileRef = B6191D15AE2475F9E883E0A8 /* libPods-GoogleMapsBugDemo.a */; };
/* End PBXBuildFile section */

/* Begin PBXFileReference section */
		03031AE71C7CA7F4005F449E /* GoogleMapsBugDemo.app */ = {isa = PBXFileReference; explicitFileType = wrapper.application; includeInIndex = 0; path = GoogleMapsBugDemo.app; sourceTree = BUILT_PRODUCTS_DIR; };
		03031AEB1C7CA7F4005F449E /* main.m */ = {isa = PBXFileReference; lastKnownFileType = sourcecode.c.objc; path = main.m; sourceTree = "<group>"; };
		03031AED1C7CA7F4005F449E /* AppDelegate.h */ = {isa = PBXFileReference; lastKnownFileType = sourcecode.c.h; path = AppDelegate.h; sourceTree = "<group>"; };
		03031AEE1C7CA7F4005F449E /* AppDelegate.m */ = {isa = PBXFileReference; lastKnownFileType = sourcecode.c.objc; path = AppDelegate.m; sourceTree = "<group>"; };
		03031AF01C7CA7F4005F449E /* ViewController.h */ = {isa = PBXFileReference; lastKnownFileType = sourcecode.c.h; path = ViewController.h; sourceTree = "<group>"; };
		03031AF11C7CA7F4005F449E /* ViewController.m */ = {isa = PBXFileReference; lastKnownFileType = sourcecode.c.objc; path = ViewController.m; sourceTree = "<group>"; };
		03031AF41C7CA7F4005F449E /* Base */ = {isa = PBXFileReference; lastKnownFileType = file.storyboard; name = Base; path = Base.lproj/Main.storyboard; sourceTree = "<group>"; };
		03031AF61C7CA7F4005F449E /* Assets.xcassets */ = {isa = PBXFileReference; lastKnownFileType = folder.assetcatalog; path = Assets.xcassets; sourceTree = "<group>"; };
		03031AF91C7CA7F4005F449E /* Base */ = {isa = PBXFileReference; lastKnownFileType = file.storyboard; name = Base; path = Base.lproj/LaunchScreen.storyboard; sourceTree = "<group>"; };
		03031AFB1C7CA7F4005F449E /* Info.plist */ = {isa = PBXFileReference; lastKnownFileType = text.plist.xml; path = Info.plist; sourceTree = "<group>"; };
		03ADABB01C7CAD2E00752F20 /* GMSServices+Setup.h */ = {isa = PBXFileReference; fileEncoding = 4; lastKnownFileType = sourcecode.c.h; path = "GMSServices+Setup.h"; sourceTree = "<group>"; };
		03ADABB11C7CAD2E00752F20 /* GMSServices+Setup.m */ = {isa = PBXFileReference; fileEncoding = 4; lastKnownFileType = sourcecode.c.objc; path = "GMSServices+Setup.m"; sourceTree = "<group>"; };
		8C157CD27D90F43F4201778B /* Pods-GoogleMapsBugDemo.release.xcconfig */ = {isa = PBXFileReference; includeInIndex = 1; lastKnownFileType = text.xcconfig; name = "Pods-GoogleMapsBugDemo.release.xcconfig"; path = "Pods/Target Support Files/Pods-GoogleMapsBugDemo/Pods-GoogleMapsBugDemo.release.xcconfig"; sourceTree = "<group>"; };
		B53703C4BA811BCA9F02D204 /* Pods-GoogleMapsBugDemo.debug.xcconfig */ = {isa = PBXFileReference; includeInIndex = 1; lastKnownFileType = text.xcconfig; name = "Pods-GoogleMapsBugDemo.debug.xcconfig"; path = "Pods/Target Support Files/Pods-GoogleMapsBugDemo/Pods-GoogleMapsBugDemo.debug.xcconfig"; sourceTree = "<group>"; };
		B6191D15AE2475F9E883E0A8 /* libPods-GoogleMapsBugDemo.a */ = {isa = PBXFileReference; explicitFileType = archive.ar; includeInIndex = 0; path = "libPods-GoogleMapsBugDemo.a"; sourceTree = BUILT_PRODUCTS_DIR; };
/* End PBXFileReference section */

/* Begin PBXFrameworksBuildPhase section */
		03031AE41C7CA7F4005F449E /* Frameworks */ = {
			isa = PBXFrameworksBuildPhase;
			buildActionMask = 2147483647;
			files = (
				D27AC0C0A2AE54D7B895B752 /* libPods-GoogleMapsBugDemo.a in Frameworks */,
			);
			runOnlyForDeploymentPostprocessing = 0;
		};
/* End PBXFrameworksBuildPhase section */

/* Begin PBXGroup section */
		03031ADE1C7CA7F4005F449E = {
			isa = PBXGroup;
			children = (
				03031AE91C7CA7F4005F449E /* GoogleMapsBugDemo */,
				03031AE81C7CA7F4005F449E /* Products */,
				8276F5DB4A70604F07E742C3 /* Pods */,
				D15B1C9F7F1CF210123B227F /* Frameworks */,
			);
			sourceTree = "<group>";
		};
		03031AE81C7CA7F4005F449E /* Products */ = {
			isa = PBXGroup;
			children = (
				03031AE71C7CA7F4005F449E /* GoogleMapsBugDemo.app */,
			);
			name = Products;
			sourceTree = "<group>";
		};
		03031AE91C7CA7F4005F449E /* GoogleMapsBugDemo */ = {
			isa = PBXGroup;
			children = (
				03031AED1C7CA7F4005F449E /* AppDelegate.h */,
				03031AEE1C7CA7F4005F449E /* AppDelegate.m */,
				03031AF01C7CA7F4005F449E /* ViewController.h */,
				03031AF11C7CA7F4005F449E /* ViewController.m */,
				03031AF31C7CA7F4005F449E /* Main.storyboard */,
				03031AF61C7CA7F4005F449E /* Assets.xcassets */,
				03031AF81C7CA7F4005F449E /* LaunchScreen.storyboard */,
				03031AFB1C7CA7F4005F449E /* Info.plist */,
				03031AEA1C7CA7F4005F449E /* Supporting Files */,
				03ADABB01C7CAD2E00752F20 /* GMSServices+Setup.h */,
				03ADABB11C7CAD2E00752F20 /* GMSServices+Setup.m */,
			);
			path = GoogleMapsBugDemo;
			sourceTree = "<group>";
		};
		03031AEA1C7CA7F4005F449E /* Supporting Files */ = {
			isa = PBXGroup;
			children = (
				03031AEB1C7CA7F4005F449E /* main.m */,
			);
			name = "Supporting Files";
			sourceTree = "<group>";
		};
		8276F5DB4A70604F07E742C3 /* Pods */ = {
			isa = PBXGroup;
			children = (
				B53703C4BA811BCA9F02D204 /* Pods-GoogleMapsBugDemo.debug.xcconfig */,
				8C157CD27D90F43F4201778B /* Pods-GoogleMapsBugDemo.release.xcconfig */,
			);
			name = Pods;
			sourceTree = "<group>";
		};
		D15B1C9F7F1CF210123B227F /* Frameworks */ = {
			isa = PBXGroup;
			children = (
				B6191D15AE2475F9E883E0A8 /* libPods-GoogleMapsBugDemo.a */,
			);
			name = Frameworks;
			sourceTree = "<group>";
		};
/* End PBXGroup section */

/* Begin PBXNativeTarget section */
		03031AE61C7CA7F4005F449E /* GoogleMapsBugDemo */ = {
			isa = PBXNativeTarget;
			buildConfigurationList = 03031AFE1C7CA7F4005F449E /* Build configuration list for PBXNativeTarget "GoogleMapsBugDemo" */;
			buildPhases = (
				5480866DECC3724B5B73AE2A /* Check Pods Manifest.lock */,
				03031AE31C7CA7F4005F449E /* Sources */,
				03031AE41C7CA7F4005F449E /* Frameworks */,
				03031AE51C7CA7F4005F449E /* Resources */,
				524C3A5AFD6575133AF928E0 /* Embed Pods Frameworks */,
				9CB34663A2AED49995FCCA4C /* Copy Pods Resources */,
			);
			buildRules = (
			);
			dependencies = (
			);
			name = GoogleMapsBugDemo;
			productName = GoogleMapsBugDemo;
			productReference = 03031AE71C7CA7F4005F449E /* GoogleMapsBugDemo.app */;
			productType = "com.apple.product-type.application";
		};
/* End PBXNativeTarget section */

/* Begin PBXProject section */
		03031ADF1C7CA7F4005F449E /* Project object */ = {
			isa = PBXProject;
			attributes = {
				LastUpgradeCheck = 0720;
				ORGANIZATIONNAME = Companion;
				TargetAttributes = {
					03031AE61C7CA7F4005F449E = {
						CreatedOnToolsVersion = 7.2.1;
					};
				};
			};
			buildConfigurationList = 03031AE21C7CA7F4005F449E /* Build configuration list for PBXProject "GoogleMapsBugDemo" */;
			compatibilityVersion = "Xcode 3.2";
			developmentRegion = English;
			hasScannedForEncodings = 0;
			knownRegions = (
				en,
				Base,
			);
			mainGroup = 03031ADE1C7CA7F4005F449E;
			productRefGroup = 03031AE81C7CA7F4005F449E /* Products */;
			projectDirPath = "";
			projectRoot = "";
			targets = (
				03031AE61C7CA7F4005F449E /* GoogleMapsBugDemo */,
			);
		};
/* End PBXProject section */

/* Begin PBXResourcesBuildPhase section */
		03031AE51C7CA7F4005F449E /* Resources */ = {
			isa = PBXResourcesBuildPhase;
			buildActionMask = 2147483647;
			files = (
				03031AFA1C7CA7F4005F449E /* LaunchScreen.storyboard in Resources */,
				03031AF71C7CA7F4005F449E /* Assets.xcassets in Resources */,
				03031AF51C7CA7F4005F449E /* Main.storyboard in Resources */,
			);
			runOnlyForDeploymentPostprocessing = 0;
		};
/* End PBXResourcesBuildPhase section */

/* Begin PBXShellScriptBuildPhase section */
		524C3A5AFD6575133AF928E0 /* Embed Pods Frameworks */ = {
			isa = PBXShellScriptBuildPhase;
			buildActionMask = 2147483647;
			files = (
			);
			inputPaths = (
			);
			name = "Embed Pods Frameworks";
			outputPaths = (
			);
			runOnlyForDeploymentPostprocessing = 0;
			shellPath = /bin/sh;
			shellScript = "\"${SRCROOT}/Pods/Target Support Files/Pods-GoogleMapsBugDemo/Pods-GoogleMapsBugDemo-frameworks.sh\"\n";
			showEnvVarsInLog = 0;
		};
		5480866DECC3724B5B73AE2A /* Check Pods Manifest.lock */ = {
			isa = PBXShellScriptBuildPhase;
			buildActionMask = 2147483647;
			files = (
			);
			inputPaths = (
			);
			name = "Check Pods Manifest.lock";
			outputPaths = (
			);
			runOnlyForDeploymentPostprocessing = 0;
			shellPath = /bin/sh;
			shellScript = "diff \"${PODS_ROOT}/../Podfile.lock\" \"${PODS_ROOT}/Manifest.lock\" > /dev/null\nif [[ $? != 0 ]] ; then\n    cat << EOM\nerror: The sandbox is not in sync with the Podfile.lock. Run 'pod install' or update your CocoaPods installation.\nEOM\n    exit 1\nfi\n";
			showEnvVarsInLog = 0;
		};
		9CB34663A2AED49995FCCA4C /* Copy Pods Resources */ = {
			isa = PBXShellScriptBuildPhase;
			buildActionMask = 2147483647;
			files = (
			);
			inputPaths = (
			);
			name = "Copy Pods Resources";
			outputPaths = (
			);
			runOnlyForDeploymentPostprocessing = 0;
			shellPath = /bin/sh;
			shellScript = "\"${SRCROOT}/Pods/Target Support Files/Pods-GoogleMapsBugDemo/Pods-GoogleMapsBugDemo-resources.sh\"\n";
			showEnvVarsInLog = 0;
		};
/* End PBXShellScriptBuildPhase section */

/* Begin PBXSourcesBuildPhase section */
		03031AE31C7CA7F4005F449E /* Sources */ = {
			isa = PBXSourcesBuildPhase;
			buildActionMask = 2147483647;
			files = (
				03031AF21C7CA7F4005F449E /* ViewController.m in Sources */,
				03ADABB21C7CAD2E00752F20 /* GMSServices+Setup.m in Sources */,
				03031AEF1C7CA7F4005F449E /* AppDelegate.m in Sources */,
				03031AEC1C7CA7F4005F449E /* main.m in Sources */,
			);
			runOnlyForDeploymentPostprocessing = 0;
		};
/* End PBXSourcesBuildPhase section */

/* Begin PBXVariantGroup section */
		03031AF31C7CA7F4005F449E /* Main.storyboard */ = {
			isa = PBXVariantGroup;
			children = (
				03031AF41C7CA7F4005F449E /* Base */,
			);
			name = Main.storyboard;
			sourceTree = "<group>";
		};
		03031AF81C7CA7F4005F449E /* LaunchScreen.storyboard */ = {
			isa = PBXVariantGroup;
			children = (
				03031AF91C7CA7F4005F449E /* Base */,
			);
			name = LaunchScreen.storyboard;
			sourceTree = "<group>";
		};
/* End PBXVariantGroup section */

/* Begin XCBuildConfiguration section */
		03031AFC1C7CA7F4005F449E /* Debug */ = {
			isa = XCBuildConfiguration;
			buildSettings = {
				ALWAYS_SEARCH_USER_PATHS = NO;
				CLANG_CXX_LANGUAGE_STANDARD = "gnu++0x";
				CLANG_CXX_LIBRARY = "libc++";
				CLANG_ENABLE_MODULES = YES;
				CLANG_ENABLE_OBJC_ARC = YES;
				CLANG_WARN_BOOL_CONVERSION = YES;
				CLANG_WARN_CONSTANT_CONVERSION = YES;
				CLANG_WARN_DIRECT_OBJC_ISA_USAGE = YES_ERROR;
				CLANG_WARN_EMPTY_BODY = YES;
				CLANG_WARN_ENUM_CONVERSION = YES;
				CLANG_WARN_INT_CONVERSION = YES;
				CLANG_WARN_OBJC_ROOT_CLASS = YES_ERROR;
				CLANG_WARN_UNREACHABLE_CODE = YES;
				CLANG_WARN__DUPLICATE_METHOD_MATCH = YES;
				"CODE_SIGN_IDENTITY[sdk=iphoneos*]" = "iPhone Developer";
				COPY_PHASE_STRIP = NO;
				DEBUG_INFORMATION_FORMAT = dwarf;
				ENABLE_STRICT_OBJC_MSGSEND = YES;
				ENABLE_TESTABILITY = YES;
				GCC_C_LANGUAGE_STANDARD = gnu99;
				GCC_DYNAMIC_NO_PIC = NO;
				GCC_NO_COMMON_BLOCKS = YES;
				GCC_OPTIMIZATION_LEVEL = 0;
				GCC_PREPROCESSOR_DEFINITIONS = (
					"DEBUG=1",
					"$(inherited)",
				);
				GCC_WARN_64_TO_32_BIT_CONVERSION = YES;
				GCC_WARN_ABOUT_RETURN_TYPE = YES_ERROR;
				GCC_WARN_UNDECLARED_SELECTOR = YES;
				GCC_WARN_UNINITIALIZED_AUTOS = YES_AGGRESSIVE;
				GCC_WARN_UNUSED_FUNCTION = YES;
				GCC_WARN_UNUSED_VARIABLE = YES;
				IPHONEOS_DEPLOYMENT_TARGET = 9.2;
				MTL_ENABLE_DEBUG_INFO = YES;
				ONLY_ACTIVE_ARCH = YES;
				SDKROOT = iphoneos;
			};
			name = Debug;
		};
		03031AFD1C7CA7F4005F449E /* Release */ = {
			isa = XCBuildConfiguration;
			buildSettings = {
				ALWAYS_SEARCH_USER_PATHS = NO;
				CLANG_CXX_LANGUAGE_STANDARD = "gnu++0x";
				CLANG_CXX_LIBRARY = "libc++";
				CLANG_ENABLE_MODULES = YES;
				CLANG_ENABLE_OBJC_ARC = YES;
				CLANG_WARN_BOOL_CONVERSION = YES;
				CLANG_WARN_CONSTANT_CONVERSION = YES;
				CLANG_WARN_DIRECT_OBJC_ISA_USAGE = YES_ERROR;
				CLANG_WARN_EMPTY_BODY = YES;
				CLANG_WARN_ENUM_CONVERSION = YES;
				CLANG_WARN_INT_CONVERSION = YES;
				CLANG_WARN_OBJC_ROOT_CLASS = YES_ERROR;
				CLANG_WARN_UNREACHABLE_CODE = YES;
				CLANG_WARN__DUPLICATE_METHOD_MATCH = YES;
				"CODE_SIGN_IDENTITY[sdk=iphoneos*]" = "iPhone Developer";
				COPY_PHASE_STRIP = NO;
				DEBUG_INFORMATION_FORMAT = "dwarf-with-dsym";
				ENABLE_NS_ASSERTIONS = NO;
				ENABLE_STRICT_OBJC_MSGSEND = YES;
				GCC_C_LANGUAGE_STANDARD = gnu99;
				GCC_NO_COMMON_BLOCKS = YES;
				GCC_WARN_64_TO_32_BIT_CONVERSION = YES;
				GCC_WARN_ABOUT_RETURN_TYPE = YES_ERROR;
				GCC_WARN_UNDECLARED_SELECTOR = YES;
				GCC_WARN_UNINITIALIZED_AUTOS = YES_AGGRESSIVE;
				GCC_WARN_UNUSED_FUNCTION = YES;
				GCC_WARN_UNUSED_VARIABLE = YES;
				IPHONEOS_DEPLOYMENT_TARGET = 9.2;
				MTL_ENABLE_DEBUG_INFO = NO;
				SDKROOT = iphoneos;
				VALIDATE_PRODUCT = YES;
			};
			name = Release;
		};
		03031AFF1C7CA7F4005F449E /* Debug */ = {
			isa = XCBuildConfiguration;
			baseConfigurationReference = B53703C4BA811BCA9F02D204 /* Pods-GoogleMapsBugDemo.debug.xcconfig */;
			buildSettings = {
				ASSETCATALOG_COMPILER_APPICON_NAME = AppIcon;
				INFOPLIST_FILE = GoogleMapsBugDemo/Info.plist;
				LD_RUNPATH_SEARCH_PATHS = "$(inherited) @executable_path/Frameworks";
				PRODUCT_BUNDLE_IDENTIFIER = CMPN.GoogleMapsBugDemo;
				PRODUCT_NAME = "$(TARGET_NAME)";
			};
			name = Debug;
		};
		03031B001C7CA7F4005F449E /* Release */ = {
			isa = XCBuildConfiguration;
			baseConfigurationReference = 8C157CD27D90F43F4201778B /* Pods-GoogleMapsBugDemo.release.xcconfig */;
			buildSettings = {
				ASSETCATALOG_COMPILER_APPICON_NAME = AppIcon;
				INFOPLIST_FILE = GoogleMapsBugDemo/Info.plist;
				LD_RUNPATH_SEARCH_PATHS = "$(inherited) @executable_path/Frameworks";
				PRODUCT_BUNDLE_IDENTIFIER = CMPN.GoogleMapsBugDemo;
				PRODUCT_NAME = "$(TARGET_NAME)";
			};
			name = Release;
		};
/* End XCBuildConfiguration section */

/* Begin XCConfigurationList section */
		03031AE21C7CA7F4005F449E /* Build configuration list for PBXProject "GoogleMapsBugDemo" */ = {
			isa = XCConfigurationList;
			buildConfigurations = (
				03031AFC1C7CA7F4005F449E /* Debug */,
				03031AFD1C7CA7F4005F449E /* Release */,
			);
			defaultConfigurationIsVisible = 0;
			defaultConfigurationName = Release;
		};
		03031AFE1C7CA7F4005F449E /* Build configuration list for PBXNativeTarget "GoogleMapsBugDemo" */ = {
			isa = XCConfigurationList;
			buildConfigurations = (
				03031AFF1C7CA7F4005F449E /* Debug */,
				03031B001C7CA7F4005F449E /* Release */,
			);
			defaultConfigurationIsVisible = 0;
			defaultConfigurationName = Release;
		};
/* End XCConfigurationList section */
	};
	rootObject = 03031ADF1C7CA7F4005F449E /* Project object */;
}
